
Microsoft Visual Studio Solution File, Format Version 12.00
# Visual Studio 15
VisualStudioVersion = 15.0.28307.645
MinimumVisualStudioVersion = 10.0.40219.1
Project("{FAE04EC0-301F-11D3-BF4B-00C04F79EFBC}") = "App1", "App1\App1.csproj", "{D9A1AFFA-5609-4E7F-B350-C6483BE6881A}"
EndProject
Global
	GlobalSection(SolutionConfigurationPlatforms) = preSolution
		Debug|Any CPU = Debug|Any CPU
		Release|Any CPU = Release|Any CPU
	EndGlobalSection
	GlobalSection(ProjectConfigurationPlatforms) = postSolution
		{D9A1AFFA-5609-4E7F-B350-C6483BE6881A}.Debug|Any CPU.ActiveCfg = Debug|Any CPU
		{D9A1AFFA-5609-4E7F-B350-C6483BE6881A}.Debug|Any CPU.Build.0 = Debug|Any CPU
		{D9A1AFFA-5609-4E7F-B350-C6483BE6881A}.Release|Any CPU.ActiveCfg = Release|Any CPU
		{D9A1AFFA-5609-4E7F-B350-C6483BE6881A}.Release|Any CPU.Build.0 = Release|Any CPU
	EndGlobalSection
	GlobalSection(SolutionProperties) = preSolution
		HideSolutionNode = FALSE
	EndGlobalSection
	GlobalSection(ExtensibilityGlobals) = postSolution
		SolutionGuid = {5D638AD9-814D-4F6F-9A3B-FA03C5ED08E3}
	EndGlobalSection
EndGlobal
